
Microsoft Visual Studio Solution File, Format Version 12.00
# Visual Studio Version 17
VisualStudioVersion = 17.1.32210.238
MinimumVisualStudioVersion = 10.0.40219.1
Project("{9A19103F-16F7-4668-BE54-9A1E7A4F7556}") = "ImpactaLawTech.ToDo.Domain", "src\ImpactaLawTech.ToDo.Domain\ImpactaLawTech.ToDo.Domain.csproj", "{FE8D3469-A929-4703-BA58-8ABB133CE104}"
EndProject
Project("{9A19103F-16F7-4668-BE54-9A1E7A4F7556}") = "ImpactaLawTechToDo.Application", "src\ImpactaLawTechToDo.Application\ImpactaLawTechToDo.Application.csproj", "{8CDA1EE3-320B-4F8E-9680-504E14DC61FA}"
EndProject
Project("{9A19103F-16F7-4668-BE54-9A1E7A4F7556}") = "ImpactaLawTechToDo.Infra.Data", "src\ImpactaLawTechToDo.Infra.Data\ImpactaLawTechToDo.Infra.Data.csproj", "{C5738517-DF79-4A38-A300-337A05C2D257}"
EndProject
Project("{9A19103F-16F7-4668-BE54-9A1E7A4F7556}") = "ImpactaLawTechToDo.Infra.IoC", "src\ImpactaLawTechToDo.Infra.IoC\ImpactaLawTechToDo.Infra.IoC.csproj", "{EBE56AC4-6622-40BD-98B9-BCB9030D048A}"
EndProject
Project("{FAE04EC0-301F-11D3-BF4B-00C04F79EFBC}") = "ImpactaLawTechToDo.API", "src\ImpactaLawTechToDo.API\ImpactaLawTechToDo.API.csproj", "{0E5EA65B-B439-4A0C-836D-4A6744382AE0}"
EndProject
Global
	GlobalSection(SolutionConfigurationPlatforms) = preSolution
		Debug|Any CPU = Debug|Any CPU
		Release|Any CPU = Release|Any CPU
	EndGlobalSection
	GlobalSection(ProjectConfigurationPlatforms) = postSolution
		{FE8D3469-A929-4703-BA58-8ABB133CE104}.Debug|Any CPU.ActiveCfg = Debug|Any CPU
		{FE8D3469-A929-4703-BA58-8ABB133CE104}.Debug|Any CPU.Build.0 = Debug|Any CPU
		{FE8D3469-A929-4703-BA58-8ABB133CE104}.Release|Any CPU.ActiveCfg = Release|Any CPU
		{FE8D3469-A929-4703-BA58-8ABB133CE104}.Release|Any CPU.Build.0 = Release|Any CPU
		{8CDA1EE3-320B-4F8E-9680-504E14DC61FA}.Debug|Any CPU.ActiveCfg = Debug|Any CPU
		{8CDA1EE3-320B-4F8E-9680-504E14DC61FA}.Debug|Any CPU.Build.0 = Debug|Any CPU
		{8CDA1EE3-320B-4F8E-9680-504E14DC61FA}.Release|Any CPU.ActiveCfg = Release|Any CPU
		{8CDA1EE3-320B-4F8E-9680-504E14DC61FA}.Release|Any CPU.Build.0 = Release|Any CPU
		{C5738517-DF79-4A38-A300-337A05C2D257}.Debug|Any CPU.ActiveCfg = Debug|Any CPU
		{C5738517-DF79-4A38-A300-337A05C2D257}.Debug|Any CPU.Build.0 = Debug|Any CPU
		{C5738517-DF79-4A38-A300-337A05C2D257}.Release|Any CPU.ActiveCfg = Release|Any CPU
		{C5738517-DF79-4A38-A300-337A05C2D257}.Release|Any CPU.Build.0 = Release|Any CPU
		{EBE56AC4-6622-40BD-98B9-BCB9030D048A}.Debug|Any CPU.ActiveCfg = Debug|Any CPU
		{EBE56AC4-6622-40BD-98B9-BCB9030D048A}.Debug|Any CPU.Build.0 = Debug|Any CPU
		{EBE56AC4-6622-40BD-98B9-BCB9030D048A}.Release|Any CPU.ActiveCfg = Release|Any CPU
		{EBE56AC4-6622-40BD-98B9-BCB9030D048A}.Release|Any CPU.Build.0 = Release|Any CPU
		{0E5EA65B-B439-4A0C-836D-4A6744382AE0}.Debug|Any CPU.ActiveCfg = Debug|Any CPU
		{0E5EA65B-B439-4A0C-836D-4A6744382AE0}.Debug|Any CPU.Build.0 = Debug|Any CPU
		{0E5EA65B-B439-4A0C-836D-4A6744382AE0}.Release|Any CPU.ActiveCfg = Release|Any CPU
		{0E5EA65B-B439-4A0C-836D-4A6744382AE0}.Release|Any CPU.Build.0 = Release|Any CPU
	EndGlobalSection
	GlobalSection(SolutionProperties) = preSolution
		HideSolutionNode = FALSE
	EndGlobalSection
	GlobalSection(ExtensibilityGlobals) = postSolution
		SolutionGuid = {4F4467D9-2166-48BE-BD2B-806D1E2C665A}
	EndGlobalSection
EndGlobal
